
Microsoft Visual Studio Solution File, Format Version 12.00
# Visual Studio Version 16
VisualStudioVersion = 16.0.29001.49
MinimumVisualStudioVersion = 10.0.40219.1
Project("{FAE04EC0-301F-11D3-BF4B-00C04F79EFBC}") = "NETCOREMessageQueueServer", "NETCOREMessageQueueServer\NETCOREMessageQueueServer.csproj", "{27DDB857-9ECB-4651-A282-07A4CBFB465D}"
EndProject
Global
	GlobalSection(SolutionConfigurationPlatforms) = preSolution
		Debug|Any CPU = Debug|Any CPU
		Release|Any CPU = Release|Any CPU
	EndGlobalSection
	GlobalSection(ProjectConfigurationPlatforms) = postSolution
		{27DDB857-9ECB-4651-A282-07A4CBFB465D}.Debug|Any CPU.ActiveCfg = Debug|Any CPU
		{27DDB857-9ECB-4651-A282-07A4CBFB465D}.Debug|Any CPU.Build.0 = Debug|Any CPU
		{27DDB857-9ECB-4651-A282-07A4CBFB465D}.Release|Any CPU.ActiveCfg = Release|Any CPU
		{27DDB857-9ECB-4651-A282-07A4CBFB465D}.Release|Any CPU.Build.0 = Release|Any CPU
	EndGlobalSection
	GlobalSection(SolutionProperties) = preSolution
		HideSolutionNode = FALSE
	EndGlobalSection
	GlobalSection(ExtensibilityGlobals) = postSolution
		SolutionGuid = {B12C433A-F0A9-41D8-9690-B41132185CBC}
	EndGlobalSection
EndGlobal
