
Microsoft Visual Studio Solution File, Format Version 12.00
# Visual Studio 15
VisualStudioVersion = 15.0.28307.489
MinimumVisualStudioVersion = 10.0.40219.1
Project("{FAE04EC0-301F-11D3-BF4B-00C04F79EFBC}") = "MessageQueueServer", "MessageQueueServer\MessageQueueServer.csproj", "{10C8302B-565E-4EE8-B6E6-617C227320BF}"
EndProject
Global
	GlobalSection(SolutionConfigurationPlatforms) = preSolution
		Debug|Any CPU = Debug|Any CPU
		Release|Any CPU = Release|Any CPU
	EndGlobalSection
	GlobalSection(ProjectConfigurationPlatforms) = postSolution
		{10C8302B-565E-4EE8-B6E6-617C227320BF}.Debug|Any CPU.ActiveCfg = Debug|Any CPU
		{10C8302B-565E-4EE8-B6E6-617C227320BF}.Debug|Any CPU.Build.0 = Debug|Any CPU
		{10C8302B-565E-4EE8-B6E6-617C227320BF}.Release|Any CPU.ActiveCfg = Release|Any CPU
		{10C8302B-565E-4EE8-B6E6-617C227320BF}.Release|Any CPU.Build.0 = Release|Any CPU
	EndGlobalSection
	GlobalSection(SolutionProperties) = preSolution
		HideSolutionNode = FALSE
	EndGlobalSection
	GlobalSection(ExtensibilityGlobals) = postSolution
		SolutionGuid = {01B034E6-B41C-4F67-8E6C-48741F8347B4}
	EndGlobalSection
EndGlobal
