
Microsoft Visual Studio Solution File, Format Version 12.00
# Visual Studio 15
VisualStudioVersion = 15.0.28307.489
MinimumVisualStudioVersion = 10.0.40219.1
Project("{FAE04EC0-301F-11D3-BF4B-00C04F79EFBC}") = "MessageQueueClient", "MessageQueueClient\MessageQueueClient.csproj", "{833690A6-0B03-46C1-8871-D03B9A78D7D3}"
EndProject
Global
	GlobalSection(SolutionConfigurationPlatforms) = preSolution
		Debug|Any CPU = Debug|Any CPU
		Release|Any CPU = Release|Any CPU
	EndGlobalSection
	GlobalSection(ProjectConfigurationPlatforms) = postSolution
		{833690A6-0B03-46C1-8871-D03B9A78D7D3}.Debug|Any CPU.ActiveCfg = Debug|Any CPU
		{833690A6-0B03-46C1-8871-D03B9A78D7D3}.Debug|Any CPU.Build.0 = Debug|Any CPU
		{833690A6-0B03-46C1-8871-D03B9A78D7D3}.Release|Any CPU.ActiveCfg = Release|Any CPU
		{833690A6-0B03-46C1-8871-D03B9A78D7D3}.Release|Any CPU.Build.0 = Release|Any CPU
	EndGlobalSection
	GlobalSection(SolutionProperties) = preSolution
		HideSolutionNode = FALSE
	EndGlobalSection
	GlobalSection(ExtensibilityGlobals) = postSolution
		SolutionGuid = {84E936E7-6194-4286-946F-97468D9DDD6E}
	EndGlobalSection
EndGlobal
